// !$*UTF8*$!
{
	archiveVersion = 1;
	classes = {
	};
	objectVersion = 46;
	objects = {

/* Begin PBXBuildFile section */
		0765997D18C9CF0800822B47 /* NSData+Base64.m in Sources */ = {isa = PBXBuildFile; fileRef = 0765997C18C9CF0800822B47 /* NSData+Base64.m */; settings = {COMPILER_FLAGS = "-fno-objc-arc"; }; };
		077F16AF18C204E000876BF0 /* NKOAppleScriptManager.m in Sources */ = {isa = PBXBuildFile; fileRef = 077F16AE18C204E000876BF0 /* NKOAppleScriptManager.m */; };
		077F16B218C2079A00876BF0 /* NKOTriggerCommandSocketEvent.m in Sources */ = {isa = PBXBuildFile; fileRef = 077F16B118C2079A00876BF0 /* NKOTriggerCommandSocketEvent.m */; };
		07B9152E18BF8FBA00898E9B /* Quartz.framework in Frameworks */ = {isa = PBXBuildFile; fileRef = 07B9152D18BF8FBA00898E9B /* Quartz.framework */; };
		07BB93E218C0F5C800FE287F /* NKOAppDiscoverer.m in Sources */ = {isa = PBXBuildFile; fileRef = 07BB93E118C0F5C800FE287F /* NKOAppDiscoverer.m */; };
		C1B6700918BF6185000136AC /* AppleScriptKit.framework in Frameworks */ = {isa = PBXBuildFile; fileRef = C1B6700718BF6185000136AC /* AppleScriptKit.framework */; };
		C1B6700A18BF6185000136AC /* AppleScriptObjC.framework in Frameworks */ = {isa = PBXBuildFile; fileRef = C1B6700818BF6185000136AC /* AppleScriptObjC.framework */; };
		C1C7675818C10CF80081AA09 /* NSObject+SBJSON.m in Sources */ = {isa = PBXBuildFile; fileRef = C1C7674F18C10CF80081AA09 /* NSObject+SBJSON.m */; settings = {COMPILER_FLAGS = "-fno-objc-arc"; }; };
		C1C7675918C10CF80081AA09 /* NSString+SBJSON.m in Sources */ = {isa = PBXBuildFile; fileRef = C1C7675118C10CF80081AA09 /* NSString+SBJSON.m */; settings = {COMPILER_FLAGS = "-fno-objc-arc"; }; };
		C1C7675A18C10CF80081AA09 /* SBJsonBase.m in Sources */ = {isa = PBXBuildFile; fileRef = C1C7675318C10CF80081AA09 /* SBJsonBase.m */; settings = {COMPILER_FLAGS = "-fno-objc-arc"; }; };
		C1C7675B18C10CF80081AA09 /* SBJsonParser.m in Sources */ = {isa = PBXBuildFile; fileRef = C1C7675518C10CF80081AA09 /* SBJsonParser.m */; settings = {COMPILER_FLAGS = "-fno-objc-arc"; }; };
		C1C7675C18C10CF80081AA09 /* SBJsonWriter.m in Sources */ = {isa = PBXBuildFile; fileRef = C1C7675718C10CF80081AA09 /* SBJsonWriter.m */; settings = {COMPILER_FLAGS = "-fno-objc-arc"; }; };
		C1C7675F18C10E5A0081AA09 /* NKOBonjourAPI.m in Sources */ = {isa = PBXBuildFile; fileRef = C1C7675E18C10E5A0081AA09 /* NKOBonjourAPI.m */; };
		C1C7677418C118640081AA09 /* NSImage+NKO.m in Sources */ = {isa = PBXBuildFile; fileRef = C1C7677318C118640081AA09 /* NSImage+NKO.m */; };
		C1C7677718C11B660081AA09 /* NKOSocketManager.m in Sources */ = {isa = PBXBuildFile; fileRef = C1C7677618C11B660081AA09 /* NKOSocketManager.m */; };
		C1F8D6E118BE974B00879533 /* Cocoa.framework in Frameworks */ = {isa = PBXBuildFile; fileRef = C1F8D6E018BE974B00879533 /* Cocoa.framework */; };
		C1F8D6EB18BE974B00879533 /* InfoPlist.strings in Resources */ = {isa = PBXBuildFile; fileRef = C1F8D6E918BE974B00879533 /* InfoPlist.strings */; };
		C1F8D6ED18BE974B00879533 /* main.m in Sources */ = {isa = PBXBuildFile; fileRef = C1F8D6EC18BE974B00879533 /* main.m */; };
		C1F8D6F118BE974B00879533 /* Credits.rtf in Resources */ = {isa = PBXBuildFile; fileRef = C1F8D6EF18BE974B00879533 /* Credits.rtf */; };
		C1F8D6F418BE974B00879533 /* NKOAppDelegate.m in Sources */ = {isa = PBXBuildFile; fileRef = C1F8D6F318BE974B00879533 /* NKOAppDelegate.m */; };
		C1F8D6F718BE974B00879533 /* MainMenu.xib in Resources */ = {isa = PBXBuildFile; fileRef = C1F8D6F518BE974B00879533 /* MainMenu.xib */; };
		C1F8D6F918BE974B00879533 /* Images.xcassets in Resources */ = {isa = PBXBuildFile; fileRef = C1F8D6F818BE974B00879533 /* Images.xcassets */; };
		C1F8D70018BE974B00879533 /* XCTest.framework in Frameworks */ = {isa = PBXBuildFile; fileRef = C1F8D6FF18BE974B00879533 /* XCTest.framework */; };
		C1F8D70118BE974B00879533 /* Cocoa.framework in Frameworks */ = {isa = PBXBuildFile; fileRef = C1F8D6E018BE974B00879533 /* Cocoa.framework */; };
		C1F8D70918BE974B00879533 /* InfoPlist.strings in Resources */ = {isa = PBXBuildFile; fileRef = C1F8D70718BE974B00879533 /* InfoPlist.strings */; };
		C1F8D70B18BE974B00879533 /* Dashboard_ServerTests.m in Sources */ = {isa = PBXBuildFile; fileRef = C1F8D70A18BE974B00879533 /* Dashboard_ServerTests.m */; };
		C1F8D75E18BEA2B100879533 /* QServer.m in Sources */ = {isa = PBXBuildFile; fileRef = C1F8D75D18BEA2B100879533 /* QServer.m */; };
/* End PBXBuildFile section */

/* Begin PBXContainerItemProxy section */
		C1F8D70218BE974B00879533 /* PBXContainerItemProxy */ = {
			isa = PBXContainerItemProxy;
			containerPortal = C1F8D6D518BE974B00879533 /* Project object */;
			proxyType = 1;
			remoteGlobalIDString = C1F8D6DC18BE974B00879533;
			remoteInfo = "Dashboard Server";
		};
/* End PBXContainerItemProxy section */

/* Begin PBXFileReference section */
		0765997B18C9CF0800822B47 /* NSData+Base64.h */ = {isa = PBXFileReference; fileEncoding = 4; lastKnownFileType = sourcecode.c.h; path = "NSData+Base64.h"; sourceTree = "<group>"; };
		0765997C18C9CF0800822B47 /* NSData+Base64.m */ = {isa = PBXFileReference; fileEncoding = 4; lastKnownFileType = sourcecode.c.objc; path = "NSData+Base64.m"; sourceTree = "<group>"; };
		077F16AD18C204E000876BF0 /* NKOAppleScriptManager.h */ = {isa = PBXFileReference; fileEncoding = 4; lastKnownFileType = sourcecode.c.h; name = NKOAppleScriptManager.h; path = Service/NKOAppleScriptManager.h; sourceTree = "<group>"; };
		077F16AE18C204E000876BF0 /* NKOAppleScriptManager.m */ = {isa = PBXFileReference; fileEncoding = 4; lastKnownFileType = sourcecode.c.objc; name = NKOAppleScriptManager.m; path = Service/NKOAppleScriptManager.m; sourceTree = "<group>"; };
		077F16B018C2079A00876BF0 /* NKOTriggerCommandSocketEvent.h */ = {isa = PBXFileReference; fileEncoding = 4; lastKnownFileType = sourcecode.c.h; name = NKOTriggerCommandSocketEvent.h; path = Service/NKOTriggerCommandSocketEvent.h; sourceTree = "<group>"; };
		077F16B118C2079A00876BF0 /* NKOTriggerCommandSocketEvent.m */ = {isa = PBXFileReference; fileEncoding = 4; lastKnownFileType = sourcecode.c.objc; name = NKOTriggerCommandSocketEvent.m; path = Service/NKOTriggerCommandSocketEvent.m; sourceTree = "<group>"; };
		07B9152D18BF8FBA00898E9B /* Quartz.framework */ = {isa = PBXFileReference; lastKnownFileType = wrapper.framework; name = Quartz.framework; path = System/Library/Frameworks/Quartz.framework; sourceTree = SDKROOT; };
		07BB93E018C0F5C800FE287F /* NKOAppDiscoverer.h */ = {isa = PBXFileReference; fileEncoding = 4; lastKnownFileType = sourcecode.c.h; name = NKOAppDiscoverer.h; path = Service/NKOAppDiscoverer.h; sourceTree = "<group>"; };
		07BB93E118C0F5C800FE287F /* NKOAppDiscoverer.m */ = {isa = PBXFileReference; fileEncoding = 4; lastKnownFileType = sourcecode.c.objc; name = NKOAppDiscoverer.m; path = Service/NKOAppDiscoverer.m; sourceTree = "<group>"; };
		C1B6700718BF6185000136AC /* AppleScriptKit.framework */ = {isa = PBXFileReference; lastKnownFileType = wrapper.framework; name = AppleScriptKit.framework; path = System/Library/Frameworks/AppleScriptKit.framework; sourceTree = SDKROOT; };
		C1B6700818BF6185000136AC /* AppleScriptObjC.framework */ = {isa = PBXFileReference; lastKnownFileType = wrapper.framework; name = AppleScriptObjC.framework; path = System/Library/Frameworks/AppleScriptObjC.framework; sourceTree = SDKROOT; };
		C1C7674D18C10CF80081AA09 /* JSON.h */ = {isa = PBXFileReference; fileEncoding = 4; lastKnownFileType = sourcecode.c.h; path = JSON.h; sourceTree = "<group>"; };
		C1C7674E18C10CF80081AA09 /* NSObject+SBJSON.h */ = {isa = PBXFileReference; fileEncoding = 4; lastKnownFileType = sourcecode.c.h; path = "NSObject+SBJSON.h"; sourceTree = "<group>"; };
		C1C7674F18C10CF80081AA09 /* NSObject+SBJSON.m */ = {isa = PBXFileReference; fileEncoding = 4; lastKnownFileType = sourcecode.c.objc; path = "NSObject+SBJSON.m"; sourceTree = "<group>"; };
		C1C7675018C10CF80081AA09 /* NSString+SBJSON.h */ = {isa = PBXFileReference; fileEncoding = 4; lastKnownFileType = sourcecode.c.h; path = "NSString+SBJSON.h"; sourceTree = "<group>"; };
		C1C7675118C10CF80081AA09 /* NSString+SBJSON.m */ = {isa = PBXFileReference; fileEncoding = 4; lastKnownFileType = sourcecode.c.objc; path = "NSString+SBJSON.m"; sourceTree = "<group>"; };
		C1C7675218C10CF80081AA09 /* SBJsonBase.h */ = {isa = PBXFileReference; fileEncoding = 4; lastKnownFileType = sourcecode.c.h; path = SBJsonBase.h; sourceTree = "<group>"; };
		C1C7675318C10CF80081AA09 /* SBJsonBase.m */ = {isa = PBXFileReference; fileEncoding = 4; lastKnownFileType = sourcecode.c.objc; path = SBJsonBase.m; sourceTree = "<group>"; };
		C1C7675418C10CF80081AA09 /* SBJsonParser.h */ = {isa = PBXFileReference; fileEncoding = 4; lastKnownFileType = sourcecode.c.h; path = SBJsonParser.h; sourceTree = "<group>"; };
		C1C7675518C10CF80081AA09 /* SBJsonParser.m */ = {isa = PBXFileReference; fileEncoding = 4; lastKnownFileType = sourcecode.c.objc; path = SBJsonParser.m; sourceTree = "<group>"; };
		C1C7675618C10CF80081AA09 /* SBJsonWriter.h */ = {isa = PBXFileReference; fileEncoding = 4; lastKnownFileType = sourcecode.c.h; path = SBJsonWriter.h; sourceTree = "<group>"; };
		C1C7675718C10CF80081AA09 /* SBJsonWriter.m */ = {isa = PBXFileReference; fileEncoding = 4; lastKnownFileType = sourcecode.c.objc; path = SBJsonWriter.m; sourceTree = "<group>"; };
		C1C7675D18C10E590081AA09 /* NKOBonjourAPI.h */ = {isa = PBXFileReference; fileEncoding = 4; lastKnownFileType = sourcecode.c.h; path = NKOBonjourAPI.h; sourceTree = "<group>"; };
		C1C7675E18C10E5A0081AA09 /* NKOBonjourAPI.m */ = {isa = PBXFileReference; fileEncoding = 4; lastKnownFileType = sourcecode.c.objc; path = NKOBonjourAPI.m; sourceTree = "<group>"; };
		C1C7677218C118640081AA09 /* NSImage+NKO.h */ = {isa = PBXFileReference; fileEncoding = 4; lastKnownFileType = sourcecode.c.h; path = "NSImage+NKO.h"; sourceTree = "<group>"; };
		C1C7677318C118640081AA09 /* NSImage+NKO.m */ = {isa = PBXFileReference; fileEncoding = 4; lastKnownFileType = sourcecode.c.objc; path = "NSImage+NKO.m"; sourceTree = "<group>"; };
		C1C7677518C11B660081AA09 /* NKOSocketManager.h */ = {isa = PBXFileReference; fileEncoding = 4; lastKnownFileType = sourcecode.c.h; name = NKOSocketManager.h; path = Service/NKOSocketManager.h; sourceTree = "<group>"; };
		C1C7677618C11B660081AA09 /* NKOSocketManager.m */ = {isa = PBXFileReference; fileEncoding = 4; lastKnownFileType = sourcecode.c.objc; name = NKOSocketManager.m; path = Service/NKOSocketManager.m; sourceTree = "<group>"; };
		C1C7677818C11BAD0081AA09 /* NKOSocketDefinitions.h */ = {isa = PBXFileReference; lastKnownFileType = sourcecode.c.h; name = NKOSocketDefinitions.h; path = Service/NKOSocketDefinitions.h; sourceTree = "<group>"; };
		C1F8D6DD18BE974B00879533 /* Dashboard Server.app */ = {isa = PBXFileReference; explicitFileType = wrapper.application; includeInIndex = 0; path = "Dashboard Server.app"; sourceTree = BUILT_PRODUCTS_DIR; };
		C1F8D6E018BE974B00879533 /* Cocoa.framework */ = {isa = PBXFileReference; lastKnownFileType = wrapper.framework; name = Cocoa.framework; path = System/Library/Frameworks/Cocoa.framework; sourceTree = SDKROOT; };
		C1F8D6E318BE974B00879533 /* AppKit.framework */ = {isa = PBXFileReference; lastKnownFileType = wrapper.framework; name = AppKit.framework; path = System/Library/Frameworks/AppKit.framework; sourceTree = SDKROOT; };
		C1F8D6E418BE974B00879533 /* CoreData.framework */ = {isa = PBXFileReference; lastKnownFileType = wrapper.framework; name = CoreData.framework; path = System/Library/Frameworks/CoreData.framework; sourceTree = SDKROOT; };
		C1F8D6E518BE974B00879533 /* Foundation.framework */ = {isa = PBXFileReference; lastKnownFileType = wrapper.framework; name = Foundation.framework; path = System/Library/Frameworks/Foundation.framework; sourceTree = SDKROOT; };
		C1F8D6E818BE974B00879533 /* Dashboard Server-Info.plist */ = {isa = PBXFileReference; lastKnownFileType = text.plist.xml; path = "Dashboard Server-Info.plist"; sourceTree = "<group>"; };
		C1F8D6EA18BE974B00879533 /* en */ = {isa = PBXFileReference; lastKnownFileType = text.plist.strings; name = en; path = en.lproj/InfoPlist.strings; sourceTree = "<group>"; };
		C1F8D6EC18BE974B00879533 /* main.m */ = {isa = PBXFileReference; lastKnownFileType = sourcecode.c.objc; path = main.m; sourceTree = "<group>"; };
		C1F8D6EE18BE974B00879533 /* Dashboard Server-Prefix.pch */ = {isa = PBXFileReference; lastKnownFileType = sourcecode.c.h; path = "Dashboard Server-Prefix.pch"; sourceTree = "<group>"; };
		C1F8D6F018BE974B00879533 /* en */ = {isa = PBXFileReference; lastKnownFileType = text.rtf; name = en; path = en.lproj/Credits.rtf; sourceTree = "<group>"; };
		C1F8D6F218BE974B00879533 /* NKOAppDelegate.h */ = {isa = PBXFileReference; lastKnownFileType = sourcecode.c.h; path = NKOAppDelegate.h; sourceTree = "<group>"; };
		C1F8D6F318BE974B00879533 /* NKOAppDelegate.m */ = {isa = PBXFileReference; lastKnownFileType = sourcecode.c.objc; path = NKOAppDelegate.m; sourceTree = "<group>"; };
		C1F8D6F618BE974B00879533 /* Base */ = {isa = PBXFileReference; lastKnownFileType = file.xib; name = Base; path = Base.lproj/MainMenu.xib; sourceTree = "<group>"; };
		C1F8D6F818BE974B00879533 /* Images.xcassets */ = {isa = PBXFileReference; lastKnownFileType = folder.assetcatalog; path = Images.xcassets; sourceTree = "<group>"; };
		C1F8D6FE18BE974B00879533 /* Dashboard ServerTests.xctest */ = {isa = PBXFileReference; explicitFileType = wrapper.cfbundle; includeInIndex = 0; path = "Dashboard ServerTests.xctest"; sourceTree = BUILT_PRODUCTS_DIR; };
		C1F8D6FF18BE974B00879533 /* XCTest.framework */ = {isa = PBXFileReference; lastKnownFileType = wrapper.framework; name = XCTest.framework; path = Library/Frameworks/XCTest.framework; sourceTree = DEVELOPER_DIR; };
		C1F8D70618BE974B00879533 /* Dashboard ServerTests-Info.plist */ = {isa = PBXFileReference; lastKnownFileType = text.plist.xml; path = "Dashboard ServerTests-Info.plist"; sourceTree = "<group>"; };
		C1F8D70818BE974B00879533 /* en */ = {isa = PBXFileReference; lastKnownFileType = text.plist.strings; name = en; path = en.lproj/InfoPlist.strings; sourceTree = "<group>"; };
		C1F8D70A18BE974B00879533 /* Dashboard_ServerTests.m */ = {isa = PBXFileReference; lastKnownFileType = sourcecode.c.objc; path = Dashboard_ServerTests.m; sourceTree = "<group>"; };
		C1F8D75C18BEA2B100879533 /* QServer.h */ = {isa = PBXFileReference; fileEncoding = 4; lastKnownFileType = sourcecode.c.h; path = QServer.h; sourceTree = "<group>"; };
		C1F8D75D18BEA2B100879533 /* QServer.m */ = {isa = PBXFileReference; fileEncoding = 4; lastKnownFileType = sourcecode.c.objc; path = QServer.m; sourceTree = "<group>"; };
/* End PBXFileReference section */

/* Begin PBXFrameworksBuildPhase section */
		C1F8D6DA18BE974B00879533 /* Frameworks */ = {
			isa = PBXFrameworksBuildPhase;
			buildActionMask = 2147483647;
			files = (
				07B9152E18BF8FBA00898E9B /* Quartz.framework in Frameworks */,
				C1B6700918BF6185000136AC /* AppleScriptKit.framework in Frameworks */,
				C1B6700A18BF6185000136AC /* AppleScriptObjC.framework in Frameworks */,
				C1F8D6E118BE974B00879533 /* Cocoa.framework in Frameworks */,
			);
			runOnlyForDeploymentPostprocessing = 0;
		};
		C1F8D6FB18BE974B00879533 /* Frameworks */ = {
			isa = PBXFrameworksBuildPhase;
			buildActionMask = 2147483647;
			files = (
				C1F8D70118BE974B00879533 /* Cocoa.framework in Frameworks */,
				C1F8D70018BE974B00879533 /* XCTest.framework in Frameworks */,
			);
			runOnlyForDeploymentPostprocessing = 0;
		};
/* End PBXFrameworksBuildPhase section */

/* Begin PBXGroup section */
		077F16A818C203FF00876BF0 /* Bonjour */ = {
			isa = PBXGroup;
			children = (
				07BB93E018C0F5C800FE287F /* NKOAppDiscoverer.h */,
				07BB93E118C0F5C800FE287F /* NKOAppDiscoverer.m */,
				C1C7675D18C10E590081AA09 /* NKOBonjourAPI.h */,
				C1C7675E18C10E5A0081AA09 /* NKOBonjourAPI.m */,
			);
			name = Bonjour;
			sourceTree = "<group>";
		};
		077F16A918C2042700876BF0 /* AppleScript */ = {
			isa = PBXGroup;
			children = (
				077F16AD18C204E000876BF0 /* NKOAppleScriptManager.h */,
				077F16AE18C204E000876BF0 /* NKOAppleScriptManager.m */,
			);
			name = AppleScript;
			sourceTree = "<group>";
		};
		07BB93E318C0F66A00FE287F /* Categories */ = {
			isa = PBXGroup;
			children = (
				0765997B18C9CF0800822B47 /* NSData+Base64.h */,
				0765997C18C9CF0800822B47 /* NSData+Base64.m */,
				C1C7677218C118640081AA09 /* NSImage+NKO.h */,
				C1C7677318C118640081AA09 /* NSImage+NKO.m */,
			);
			name = Categories;
			sourceTree = "<group>";
		};
		C1C7674C18C10CF80081AA09 /* SBJson */ = {
			isa = PBXGroup;
			children = (
				C1C7674D18C10CF80081AA09 /* JSON.h */,
				C1C7674E18C10CF80081AA09 /* NSObject+SBJSON.h */,
				C1C7674F18C10CF80081AA09 /* NSObject+SBJSON.m */,
				C1C7675018C10CF80081AA09 /* NSString+SBJSON.h */,
				C1C7675118C10CF80081AA09 /* NSString+SBJSON.m */,
				C1C7675218C10CF80081AA09 /* SBJsonBase.h */,
				C1C7675318C10CF80081AA09 /* SBJsonBase.m */,
				C1C7675418C10CF80081AA09 /* SBJsonParser.h */,
				C1C7675518C10CF80081AA09 /* SBJsonParser.m */,
				C1C7675618C10CF80081AA09 /* SBJsonWriter.h */,
				C1C7675718C10CF80081AA09 /* SBJsonWriter.m */,
			);
			path = SBJson;
			sourceTree = "<group>";
		};
		C1F8D6D418BE974B00879533 = {
			isa = PBXGroup;
			children = (
				C1F8D6E618BE974B00879533 /* Dashboard Server */,
				C1F8D70418BE974B00879533 /* Dashboard ServerTests */,
				C1F8D6DF18BE974B00879533 /* Frameworks */,
				C1F8D6DE18BE974B00879533 /* Products */,
			);
			sourceTree = "<group>";
		};
		C1F8D6DE18BE974B00879533 /* Products */ = {
			isa = PBXGroup;
			children = (
				C1F8D6DD18BE974B00879533 /* Dashboard Server.app */,
				C1F8D6FE18BE974B00879533 /* Dashboard ServerTests.xctest */,
			);
			name = Products;
			sourceTree = "<group>";
		};
		C1F8D6DF18BE974B00879533 /* Frameworks */ = {
			isa = PBXGroup;
			children = (
				07B9152D18BF8FBA00898E9B /* Quartz.framework */,
				C1B6700718BF6185000136AC /* AppleScriptKit.framework */,
				C1B6700818BF6185000136AC /* AppleScriptObjC.framework */,
				C1F8D6E018BE974B00879533 /* Cocoa.framework */,
				C1F8D6FF18BE974B00879533 /* XCTest.framework */,
				C1F8D6E218BE974B00879533 /* Other Frameworks */,
			);
			name = Frameworks;
			sourceTree = "<group>";
		};
		C1F8D6E218BE974B00879533 /* Other Frameworks */ = {
			isa = PBXGroup;
			children = (
				C1F8D6E318BE974B00879533 /* AppKit.framework */,
				C1F8D6E418BE974B00879533 /* CoreData.framework */,
				C1F8D6E518BE974B00879533 /* Foundation.framework */,
			);
			name = "Other Frameworks";
			sourceTree = "<group>";
		};
		C1F8D6E618BE974B00879533 /* Dashboard Server */ = {
			isa = PBXGroup;
			children = (
				07BB93E318C0F66A00FE287F /* Categories */,
				C1F8D75F18BEACA000879533 /* Service */,
				C1F8D71418BE983000879533 /* 3rd Parties */,
				C1F8D6F218BE974B00879533 /* NKOAppDelegate.h */,
				C1F8D6F318BE974B00879533 /* NKOAppDelegate.m */,
				C1F8D6F518BE974B00879533 /* MainMenu.xib */,
				C1F8D6F818BE974B00879533 /* Images.xcassets */,
				C1F8D6E718BE974B00879533 /* Supporting Files */,
			);
			path = "Dashboard Server";
			sourceTree = "<group>";
		};
		C1F8D6E718BE974B00879533 /* Supporting Files */ = {
			isa = PBXGroup;
			children = (
				C1F8D6E818BE974B00879533 /* Dashboard Server-Info.plist */,
				C1F8D6E918BE974B00879533 /* InfoPlist.strings */,
				C1F8D6EC18BE974B00879533 /* main.m */,
				C1F8D6EE18BE974B00879533 /* Dashboard Server-Prefix.pch */,
				C1F8D6EF18BE974B00879533 /* Credits.rtf */,
			);
			name = "Supporting Files";
			sourceTree = "<group>";
		};
		C1F8D70418BE974B00879533 /* Dashboard ServerTests */ = {
			isa = PBXGroup;
			children = (
				C1F8D70A18BE974B00879533 /* Dashboard_ServerTests.m */,
				C1F8D70518BE974B00879533 /* Supporting Files */,
			);
			path = "Dashboard ServerTests";
			sourceTree = "<group>";
		};
		C1F8D70518BE974B00879533 /* Supporting Files */ = {
			isa = PBXGroup;
			children = (
				C1F8D70618BE974B00879533 /* Dashboard ServerTests-Info.plist */,
				C1F8D70718BE974B00879533 /* InfoPlist.strings */,
			);
			name = "Supporting Files";
			sourceTree = "<group>";
		};
		C1F8D71418BE983000879533 /* 3rd Parties */ = {
			isa = PBXGroup;
			children = (
				C1C7674C18C10CF80081AA09 /* SBJson */,
				C1F8D75C18BEA2B100879533 /* QServer.h */,
				C1F8D75D18BEA2B100879533 /* QServer.m */,
			);
			name = "3rd Parties";
			sourceTree = "<group>";
		};
		C1F8D75F18BEACA000879533 /* Service */ = {
			isa = PBXGroup;
			children = (
				077F16A918C2042700876BF0 /* AppleScript */,
				077F16A818C203FF00876BF0 /* Bonjour */,
				C1C7677818C11BAD0081AA09 /* NKOSocketDefinitions.h */,
				C1C7677518C11B660081AA09 /* NKOSocketManager.h */,
				C1C7677618C11B660081AA09 /* NKOSocketManager.m */,
				077F16B018C2079A00876BF0 /* NKOTriggerCommandSocketEvent.h */,
				077F16B118C2079A00876BF0 /* NKOTriggerCommandSocketEvent.m */,
			);
			name = Service;
			sourceTree = "<group>";
		};
/* End PBXGroup section */

/* Begin PBXNativeTarget section */
		C1F8D6DC18BE974B00879533 /* Dashboard Server */ = {
			isa = PBXNativeTarget;
			buildConfigurationList = C1F8D70E18BE974B00879533 /* Build configuration list for PBXNativeTarget "Dashboard Server" */;
			buildPhases = (
				C1F8D6D918BE974B00879533 /* Sources */,
				C1F8D6DA18BE974B00879533 /* Frameworks */,
				C1F8D6DB18BE974B00879533 /* Resources */,
			);
			buildRules = (
			);
			dependencies = (
			);
			name = "Dashboard Server";
			productName = "Dashboard Server";
			productReference = C1F8D6DD18BE974B00879533 /* Dashboard Server.app */;
			productType = "com.apple.product-type.application";
		};
		C1F8D6FD18BE974B00879533 /* Dashboard ServerTests */ = {
			isa = PBXNativeTarget;
			buildConfigurationList = C1F8D71118BE974B00879533 /* Build configuration list for PBXNativeTarget "Dashboard ServerTests" */;
			buildPhases = (
				C1F8D6FA18BE974B00879533 /* Sources */,
				C1F8D6FB18BE974B00879533 /* Frameworks */,
				C1F8D6FC18BE974B00879533 /* Resources */,
			);
			buildRules = (
			);
			dependencies = (
				C1F8D70318BE974B00879533 /* PBXTargetDependency */,
			);
			name = "Dashboard ServerTests";
			productName = "Dashboard ServerTests";
			productReference = C1F8D6FE18BE974B00879533 /* Dashboard ServerTests.xctest */;
			productType = "com.apple.product-type.bundle.unit-test";
		};
/* End PBXNativeTarget section */

/* Begin PBXProject section */
		C1F8D6D518BE974B00879533 /* Project object */ = {
			isa = PBXProject;
			attributes = {
				CLASSPREFIX = NKO;
				LastUpgradeCheck = 0500;
				ORGANIZATIONNAME = nakioStudio;
				TargetAttributes = {
					C1F8D6FD18BE974B00879533 = {
						TestTargetID = C1F8D6DC18BE974B00879533;
					};
				};
			};
			buildConfigurationList = C1F8D6D818BE974B00879533 /* Build configuration list for PBXProject "Dashboard Server" */;
			compatibilityVersion = "Xcode 3.2";
			developmentRegion = English;
			hasScannedForEncodings = 0;
			knownRegions = (
				en,
				Base,
			);
			mainGroup = C1F8D6D418BE974B00879533;
			productRefGroup = C1F8D6DE18BE974B00879533 /* Products */;
			projectDirPath = "";
			projectRoot = "";
			targets = (
				C1F8D6DC18BE974B00879533 /* Dashboard Server */,
				C1F8D6FD18BE974B00879533 /* Dashboard ServerTests */,
			);
		};
/* End PBXProject section */

/* Begin PBXResourcesBuildPhase section */
		C1F8D6DB18BE974B00879533 /* Resources */ = {
			isa = PBXResourcesBuildPhase;
			buildActionMask = 2147483647;
			files = (
				C1F8D6EB18BE974B00879533 /* InfoPlist.strings in Resources */,
				C1F8D6F918BE974B00879533 /* Images.xcassets in Resources */,
				C1F8D6F118BE974B00879533 /* Credits.rtf in Resources */,
				C1F8D6F718BE974B00879533 /* MainMenu.xib in Resources */,
			);
			runOnlyForDeploymentPostprocessing = 0;
		};
		C1F8D6FC18BE974B00879533 /* Resources */ = {
			isa = PBXResourcesBuildPhase;
			buildActionMask = 2147483647;
			files = (
				C1F8D70918BE974B00879533 /* InfoPlist.strings in Resources */,
			);
			runOnlyForDeploymentPostprocessing = 0;
		};
/* End PBXResourcesBuildPhase section */

/* Begin PBXSourcesBuildPhase section */
		C1F8D6D918BE974B00879533 /* Sources */ = {
			isa = PBXSourcesBuildPhase;
			buildActionMask = 2147483647;
			files = (
				C1C7677718C11B660081AA09 /* NKOSocketManager.m in Sources */,
				077F16AF18C204E000876BF0 /* NKOAppleScriptManager.m in Sources */,
				0765997D18C9CF0800822B47 /* NSData+Base64.m in Sources */,
				C1F8D75E18BEA2B100879533 /* QServer.m in Sources */,
				C1F8D6ED18BE974B00879533 /* main.m in Sources */,
				C1C7675C18C10CF80081AA09 /* SBJsonWriter.m in Sources */,
				07BB93E218C0F5C800FE287F /* NKOAppDiscoverer.m in Sources */,
				C1C7675B18C10CF80081AA09 /* SBJsonParser.m in Sources */,
				077F16B218C2079A00876BF0 /* NKOTriggerCommandSocketEvent.m in Sources */,
				C1C7675818C10CF80081AA09 /* NSObject+SBJSON.m in Sources */,
				C1C7677418C118640081AA09 /* NSImage+NKO.m in Sources */,
				C1C7675F18C10E5A0081AA09 /* NKOBonjourAPI.m in Sources */,
				C1F8D6F418BE974B00879533 /* NKOAppDelegate.m in Sources */,
				C1C7675918C10CF80081AA09 /* NSString+SBJSON.m in Sources */,
				C1C7675A18C10CF80081AA09 /* SBJsonBase.m in Sources */,
			);
			runOnlyForDeploymentPostprocessing = 0;
		};
		C1F8D6FA18BE974B00879533 /* Sources */ = {
			isa = PBXSourcesBuildPhase;
			buildActionMask = 2147483647;
			files = (
				C1F8D70B18BE974B00879533 /* Dashboard_ServerTests.m in Sources */,
			);
			runOnlyForDeploymentPostprocessing = 0;
		};
/* End PBXSourcesBuildPhase section */

/* Begin PBXTargetDependency section */
		C1F8D70318BE974B00879533 /* PBXTargetDependency */ = {
			isa = PBXTargetDependency;
			target = C1F8D6DC18BE974B00879533 /* Dashboard Server */;
			targetProxy = C1F8D70218BE974B00879533 /* PBXContainerItemProxy */;
		};
/* End PBXTargetDependency section */

/* Begin PBXVariantGroup section */
		C1F8D6E918BE974B00879533 /* InfoPlist.strings */ = {
			isa = PBXVariantGroup;
			children = (
				C1F8D6EA18BE974B00879533 /* en */,
			);
			name = InfoPlist.strings;
			sourceTree = "<group>";
		};
		C1F8D6EF18BE974B00879533 /* Credits.rtf */ = {
			isa = PBXVariantGroup;
			children = (
				C1F8D6F018BE974B00879533 /* en */,
			);
			name = Credits.rtf;
			sourceTree = "<group>";
		};
		C1F8D6F518BE974B00879533 /* MainMenu.xib */ = {
			isa = PBXVariantGroup;
			children = (
				C1F8D6F618BE974B00879533 /* Base */,
			);
			name = MainMenu.xib;
			sourceTree = "<group>";
		};
		C1F8D70718BE974B00879533 /* InfoPlist.strings */ = {
			isa = PBXVariantGroup;
			children = (
				C1F8D70818BE974B00879533 /* en */,
			);
			name = InfoPlist.strings;
			sourceTree = "<group>";
		};
/* End PBXVariantGroup section */

/* Begin XCBuildConfiguration section */
		C1F8D70C18BE974B00879533 /* Debug */ = {
			isa = XCBuildConfiguration;
			buildSettings = {
				ALWAYS_SEARCH_USER_PATHS = NO;
				CLANG_CXX_LANGUAGE_STANDARD = "gnu++0x";
				CLANG_CXX_LIBRARY = "libc++";
				CLANG_ENABLE_OBJC_ARC = YES;
				CLANG_WARN_BOOL_CONVERSION = YES;
				CLANG_WARN_CONSTANT_CONVERSION = YES;
				CLANG_WARN_DIRECT_OBJC_ISA_USAGE = YES_ERROR;
				CLANG_WARN_EMPTY_BODY = YES;
				CLANG_WARN_ENUM_CONVERSION = YES;
				CLANG_WARN_INT_CONVERSION = YES;
				CLANG_WARN_OBJC_ROOT_CLASS = YES_ERROR;
				CLANG_WARN__DUPLICATE_METHOD_MATCH = YES;
				COPY_PHASE_STRIP = NO;
				GCC_C_LANGUAGE_STANDARD = gnu99;
				GCC_DYNAMIC_NO_PIC = NO;
				GCC_ENABLE_OBJC_EXCEPTIONS = YES;
				GCC_OPTIMIZATION_LEVEL = 0;
				GCC_PREPROCESSOR_DEFINITIONS = (
					"DEBUG=1",
					"$(inherited)",
				);
				GCC_SYMBOLS_PRIVATE_EXTERN = NO;
				GCC_WARN_64_TO_32_BIT_CONVERSION = YES;
				GCC_WARN_ABOUT_RETURN_TYPE = YES_ERROR;
				GCC_WARN_UNDECLARED_SELECTOR = YES;
				GCC_WARN_UNINITIALIZED_AUTOS = YES;
				GCC_WARN_UNUSED_FUNCTION = YES;
				GCC_WARN_UNUSED_VARIABLE = YES;
				MACOSX_DEPLOYMENT_TARGET = 10.9;
				ONLY_ACTIVE_ARCH = YES;
				SDKROOT = macosx;
			};
			name = Debug;
		};
		C1F8D70D18BE974B00879533 /* Release */ = {
			isa = XCBuildConfiguration;
			buildSettings = {
				ALWAYS_SEARCH_USER_PATHS = NO;
				CLANG_CXX_LANGUAGE_STANDARD = "gnu++0x";
				CLANG_CXX_LIBRARY = "libc++";
				CLANG_ENABLE_OBJC_ARC = YES;
				CLANG_WARN_BOOL_CONVERSION = YES;
				CLANG_WARN_CONSTANT_CONVERSION = YES;
				CLANG_WARN_DIRECT_OBJC_ISA_USAGE = YES_ERROR;
				CLANG_WARN_EMPTY_BODY = YES;
				CLANG_WARN_ENUM_CONVERSION = YES;
				CLANG_WARN_INT_CONVERSION = YES;
				CLANG_WARN_OBJC_ROOT_CLASS = YES_ERROR;
				CLANG_WARN__DUPLICATE_METHOD_MATCH = YES;
				COPY_PHASE_STRIP = YES;
				DEBUG_INFORMATION_FORMAT = "dwarf-with-dsym";
				ENABLE_NS_ASSERTIONS = NO;
				GCC_C_LANGUAGE_STANDARD = gnu99;
				GCC_ENABLE_OBJC_EXCEPTIONS = YES;
				GCC_WARN_64_TO_32_BIT_CONVERSION = YES;
				GCC_WARN_ABOUT_RETURN_TYPE = YES_ERROR;
				GCC_WARN_UNDECLARED_SELECTOR = YES;
				GCC_WARN_UNINITIALIZED_AUTOS = YES;
				GCC_WARN_UNUSED_FUNCTION = YES;
				GCC_WARN_UNUSED_VARIABLE = YES;
				MACOSX_DEPLOYMENT_TARGET = 10.9;
				SDKROOT = macosx;
			};
			name = Release;
		};
		C1F8D70F18BE974B00879533 /* Debug */ = {
			isa = XCBuildConfiguration;
			buildSettings = {
				ASSETCATALOG_COMPILER_APPICON_NAME = AppIcon;
				COMBINE_HIDPI_IMAGES = YES;
				GCC_PRECOMPILE_PREFIX_HEADER = YES;
				GCC_PREFIX_HEADER = "Dashboard Server/Dashboard Server-Prefix.pch";
				INFOPLIST_FILE = "Dashboard Server/Dashboard Server-Info.plist";
				LIBRARY_SEARCH_PATHS = (
					"$(inherited)",
					"/Users/Nakio/nakioStudio/Workspace\\ X-Code/XcodeCommands/Dashboard\\ Server/Dashboard\\ Server/SocketKit/SocketKit",
				);
				PRODUCT_NAME = "$(TARGET_NAME)";
				WRAPPER_EXTENSION = app;
			};
			name = Debug;
		};
		C1F8D71018BE974B00879533 /* Release */ = {
			isa = XCBuildConfiguration;
			buildSettings = {
				ASSETCATALOG_COMPILER_APPICON_NAME = AppIcon;
				COMBINE_HIDPI_IMAGES = YES;
				GCC_PRECOMPILE_PREFIX_HEADER = YES;
				GCC_PREFIX_HEADER = "Dashboard Server/Dashboard Server-Prefix.pch";
				INFOPLIST_FILE = "Dashboard Server/Dashboard Server-Info.plist";
				LIBRARY_SEARCH_PATHS = (
					"$(inherited)",
					"/Users/Nakio/nakioStudio/Workspace\\ X-Code/XcodeCommands/Dashboard\\ Server/Dashboard\\ Server/SocketKit/SocketKit",
				);
				PRODUCT_NAME = "$(TARGET_NAME)";
				WRAPPER_EXTENSION = app;
			};
			name = Release;
		};
		C1F8D71218BE974B00879533 /* Debug */ = {
			isa = XCBuildConfiguration;
			buildSettings = {
				BUNDLE_LOADER = "$(BUILT_PRODUCTS_DIR)/Dashboard Server.app/Contents/MacOS/Dashboard Server";
				COMBINE_HIDPI_IMAGES = YES;
				FRAMEWORK_SEARCH_PATHS = (
					"$(DEVELOPER_FRAMEWORKS_DIR)",
					"$(inherited)",
				);
				GCC_PRECOMPILE_PREFIX_HEADER = YES;
				GCC_PREFIX_HEADER = "Dashboard Server/Dashboard Server-Prefix.pch";
				GCC_PREPROCESSOR_DEFINITIONS = (
					"DEBUG=1",
					"$(inherited)",
				);
				INFOPLIST_FILE = "Dashboard ServerTests/Dashboard ServerTests-Info.plist";
				PRODUCT_NAME = "$(TARGET_NAME)";
				TEST_HOST = "$(BUNDLE_LOADER)";
				WRAPPER_EXTENSION = xctest;
			};
			name = Debug;
		};
		C1F8D71318BE974B00879533 /* Release */ = {
			isa = XCBuildConfiguration;
			buildSettings = {
				BUNDLE_LOADER = "$(BUILT_PRODUCTS_DIR)/Dashboard Server.app/Contents/MacOS/Dashboard Server";
				COMBINE_HIDPI_IMAGES = YES;
				FRAMEWORK_SEARCH_PATHS = (
					"$(DEVELOPER_FRAMEWORKS_DIR)",
					"$(inherited)",
				);
				GCC_PRECOMPILE_PREFIX_HEADER = YES;
				GCC_PREFIX_HEADER = "Dashboard Server/Dashboard Server-Prefix.pch";
				INFOPLIST_FILE = "Dashboard ServerTests/Dashboard ServerTests-Info.plist";
				PRODUCT_NAME = "$(TARGET_NAME)";
				TEST_HOST = "$(BUNDLE_LOADER)";
				WRAPPER_EXTENSION = xctest;
			};
			name = Release;
		};
/* End XCBuildConfiguration section */

/* Begin XCConfigurationList section */
		C1F8D6D818BE974B00879533 /* Build configuration list for PBXProject "Dashboard Server" */ = {
			isa = XCConfigurationList;
			buildConfigurations = (
				C1F8D70C18BE974B00879533 /* Debug */,
				C1F8D70D18BE974B00879533 /* Release */,
			);
			defaultConfigurationIsVisible = 0;
			defaultConfigurationName = Release;
		};
		C1F8D70E18BE974B00879533 /* Build configuration list for PBXNativeTarget "Dashboard Server" */ = {
			isa = XCConfigurationList;
			buildConfigurations = (
				C1F8D70F18BE974B00879533 /* Debug */,
				C1F8D71018BE974B00879533 /* Release */,
			);
			defaultConfigurationIsVisible = 0;
			defaultConfigurationName = Release;
		};
		C1F8D71118BE974B00879533 /* Build configuration list for PBXNativeTarget "Dashboard ServerTests" */ = {
			isa = XCConfigurationList;
			buildConfigurations = (
				C1F8D71218BE974B00879533 /* Debug */,
				C1F8D71318BE974B00879533 /* Release */,
			);
			defaultConfigurationIsVisible = 0;
			defaultConfigurationName = Release;
		};
/* End XCConfigurationList section */
	};
	rootObject = C1F8D6D518BE974B00879533 /* Project object */;
}
